
Microsoft Visual Studio Solution File, Format Version 12.00
# Visual Studio Version 16
VisualStudioVersion = 16.0.32510.428
MinimumVisualStudioVersion = 10.0.40219.1
Project("{FAE04EC0-301F-11D3-BF4B-00C04F79EFBC}") = "JenkinsHandson", "JenkinsHandson\JenkinsHandson.csproj", "{6C9F679D-6293-44A2-AF47-68E3D9A853C0}"
EndProject
Global
	GlobalSection(SolutionConfigurationPlatforms) = preSolution
		Debug|Any CPU = Debug|Any CPU
		Release|Any CPU = Release|Any CPU
	EndGlobalSection
	GlobalSection(ProjectConfigurationPlatforms) = postSolution
		{6C9F679D-6293-44A2-AF47-68E3D9A853C0}.Debug|Any CPU.ActiveCfg = Debug|Any CPU
		{6C9F679D-6293-44A2-AF47-68E3D9A853C0}.Debug|Any CPU.Build.0 = Debug|Any CPU
		{6C9F679D-6293-44A2-AF47-68E3D9A853C0}.Release|Any CPU.ActiveCfg = Release|Any CPU
		{6C9F679D-6293-44A2-AF47-68E3D9A853C0}.Release|Any CPU.Build.0 = Release|Any CPU
	EndGlobalSection
	GlobalSection(SolutionProperties) = preSolution
		HideSolutionNode = FALSE
	EndGlobalSection
	GlobalSection(ExtensibilityGlobals) = postSolution
		SolutionGuid = {0298EDEA-D2A4-4329-B94C-1F394A6FDB16}
	EndGlobalSection
EndGlobal
